
Microsoft Visual Studio Solution File, Format Version 12.00
# Visual Studio Version 16
VisualStudioVersion = 16.0.32228.343
MinimumVisualStudioVersion = 10.0.40219.1
Project("{8BC9CEB8-8B4A-11D0-8D11-00A0C91BC942}") = "lab3a", "lab3a\lab3a.vcxproj", "{1231DD0D-2E26-4414-A3BC-0D0B1468AEF7}"
EndProject
Project("{8BC9CEB8-8B4A-11D0-8D11-00A0C91BC942}") = "Tests", "Tests\Tests.vcxproj", "{CBB277B0-4E48-4E51-B8A3-C63E173691C5}"
EndProject
Global
	GlobalSection(SolutionConfigurationPlatforms) = preSolution
		Debug|x64 = Debug|x64
		Debug|x86 = Debug|x86
		Release|x64 = Release|x64
		Release|x86 = Release|x86
	EndGlobalSection
	GlobalSection(ProjectConfigurationPlatforms) = postSolution
		{1231DD0D-2E26-4414-A3BC-0D0B1468AEF7}.Debug|x64.ActiveCfg = Debug|x64
		{1231DD0D-2E26-4414-A3BC-0D0B1468AEF7}.Debug|x64.Build.0 = Debug|x64
		{1231DD0D-2E26-4414-A3BC-0D0B1468AEF7}.Debug|x86.ActiveCfg = Debug|Win32
		{1231DD0D-2E26-4414-A3BC-0D0B1468AEF7}.Debug|x86.Build.0 = Debug|Win32
		{1231DD0D-2E26-4414-A3BC-0D0B1468AEF7}.Release|x64.ActiveCfg = Release|x64
		{1231DD0D-2E26-4414-A3BC-0D0B1468AEF7}.Release|x64.Build.0 = Release|x64
		{1231DD0D-2E26-4414-A3BC-0D0B1468AEF7}.Release|x86.ActiveCfg = Release|Win32
		{1231DD0D-2E26-4414-A3BC-0D0B1468AEF7}.Release|x86.Build.0 = Release|Win32
		{CBB277B0-4E48-4E51-B8A3-C63E173691C5}.Debug|x64.ActiveCfg = Debug|x64
		{CBB277B0-4E48-4E51-B8A3-C63E173691C5}.Debug|x64.Build.0 = Debug|x64
		{CBB277B0-4E48-4E51-B8A3-C63E173691C5}.Debug|x86.ActiveCfg = Debug|Win32
		{CBB277B0-4E48-4E51-B8A3-C63E173691C5}.Debug|x86.Build.0 = Debug|Win32
		{CBB277B0-4E48-4E51-B8A3-C63E173691C5}.Release|x64.ActiveCfg = Release|x64
		{CBB277B0-4E48-4E51-B8A3-C63E173691C5}.Release|x64.Build.0 = Release|x64
		{CBB277B0-4E48-4E51-B8A3-C63E173691C5}.Release|x86.ActiveCfg = Release|Win32
		{CBB277B0-4E48-4E51-B8A3-C63E173691C5}.Release|x86.Build.0 = Release|Win32
	EndGlobalSection
	GlobalSection(SolutionProperties) = preSolution
		HideSolutionNode = FALSE
	EndGlobalSection
	GlobalSection(ExtensibilityGlobals) = postSolution
		SolutionGuid = {2B0C7249-A8E7-495E-A655-C9FF96F5B5A4}
	EndGlobalSection
EndGlobal
